
Microsoft Visual Studio Solution File, Format Version 12.00
# Visual Studio Version 16
VisualStudioVersion = 16.0.31321.278
MinimumVisualStudioVersion = 10.0.40219.1
Project("{FAE04EC0-301F-11D3-BF4B-00C04F79EFBC}") = "senai.roman.webapi", "senai.roman.webapi\senai.roman.webapi.csproj", "{BA9D59EA-CE80-41ED-86F2-98882D3DB52B}"
EndProject
Global
	GlobalSection(SolutionConfigurationPlatforms) = preSolution
		Debug|Any CPU = Debug|Any CPU
		Release|Any CPU = Release|Any CPU
	EndGlobalSection
	GlobalSection(ProjectConfigurationPlatforms) = postSolution
		{BA9D59EA-CE80-41ED-86F2-98882D3DB52B}.Debug|Any CPU.ActiveCfg = Debug|Any CPU
		{BA9D59EA-CE80-41ED-86F2-98882D3DB52B}.Debug|Any CPU.Build.0 = Debug|Any CPU
		{BA9D59EA-CE80-41ED-86F2-98882D3DB52B}.Release|Any CPU.ActiveCfg = Release|Any CPU
		{BA9D59EA-CE80-41ED-86F2-98882D3DB52B}.Release|Any CPU.Build.0 = Release|Any CPU
	EndGlobalSection
	GlobalSection(SolutionProperties) = preSolution
		HideSolutionNode = FALSE
	EndGlobalSection
	GlobalSection(ExtensibilityGlobals) = postSolution
		SolutionGuid = {80C401C5-0E71-434E-958C-F1A6766058E0}
	EndGlobalSection
EndGlobal
